
Microsoft Visual Studio Solution File, Format Version 11.00
# Visual Studio 2010
Project("{FAE04EC0-301F-11D3-BF4B-00C04F79EFBC}") = "MVC_DesignPattern", "MVC_DesignPattern\MVC_DesignPattern.csproj", "{F99E9230-C77A-470F-8446-6E22E4130F2F}"
EndProject
Project("{FAE04EC0-301F-11D3-BF4B-00C04F79EFBC}") = "Core", "Core\Core.csproj", "{6B9200BB-770A-4157-9B79-3AB3691AAFBD}"
EndProject
Project("{FAE04EC0-301F-11D3-BF4B-00C04F79EFBC}") = "Logger", "ErrorLog\Logger.csproj", "{2FB52CA6-B302-4E01-BF39-693B3CC10C3E}"
EndProject
Project("{FAE04EC0-301F-11D3-BF4B-00C04F79EFBC}") = "Common", "Common\Common.csproj", "{11C3CCB5-2F24-479F-AFF9-E7EA41FEF1EF}"
EndProject
Global
	GlobalSection(SolutionConfigurationPlatforms) = preSolution
		Debug|Any CPU = Debug|Any CPU
		Release|Any CPU = Release|Any CPU
	EndGlobalSection
	GlobalSection(ProjectConfigurationPlatforms) = postSolution
		{F99E9230-C77A-470F-8446-6E22E4130F2F}.Debug|Any CPU.ActiveCfg = Debug|Any CPU
		{F99E9230-C77A-470F-8446-6E22E4130F2F}.Debug|Any CPU.Build.0 = Debug|Any CPU
		{F99E9230-C77A-470F-8446-6E22E4130F2F}.Release|Any CPU.ActiveCfg = Release|Any CPU
		{F99E9230-C77A-470F-8446-6E22E4130F2F}.Release|Any CPU.Build.0 = Release|Any CPU
		{6B9200BB-770A-4157-9B79-3AB3691AAFBD}.Debug|Any CPU.ActiveCfg = Debug|Any CPU
		{6B9200BB-770A-4157-9B79-3AB3691AAFBD}.Debug|Any CPU.Build.0 = Debug|Any CPU
		{6B9200BB-770A-4157-9B79-3AB3691AAFBD}.Release|Any CPU.ActiveCfg = Release|Any CPU
		{6B9200BB-770A-4157-9B79-3AB3691AAFBD}.Release|Any CPU.Build.0 = Release|Any CPU
		{2FB52CA6-B302-4E01-BF39-693B3CC10C3E}.Debug|Any CPU.ActiveCfg = Debug|Any CPU
		{2FB52CA6-B302-4E01-BF39-693B3CC10C3E}.Debug|Any CPU.Build.0 = Debug|Any CPU
		{2FB52CA6-B302-4E01-BF39-693B3CC10C3E}.Release|Any CPU.ActiveCfg = Release|Any CPU
		{2FB52CA6-B302-4E01-BF39-693B3CC10C3E}.Release|Any CPU.Build.0 = Release|Any CPU
		{11C3CCB5-2F24-479F-AFF9-E7EA41FEF1EF}.Debug|Any CPU.ActiveCfg = Debug|Any CPU
		{11C3CCB5-2F24-479F-AFF9-E7EA41FEF1EF}.Debug|Any CPU.Build.0 = Debug|Any CPU
		{11C3CCB5-2F24-479F-AFF9-E7EA41FEF1EF}.Release|Any CPU.ActiveCfg = Release|Any CPU
		{11C3CCB5-2F24-479F-AFF9-E7EA41FEF1EF}.Release|Any CPU.Build.0 = Release|Any CPU
	EndGlobalSection
	GlobalSection(SolutionProperties) = preSolution
		HideSolutionNode = FALSE
	EndGlobalSection
EndGlobal
